DEPENDENCIES
  apache2
  cakephp
    path: site-cookbooks/cakephp
  composer
  customphp
    path: site-cookbooks/customphp
  git
  mysql
  mysql_client
    path: site-cookbooks/mysql_client
  mysql_server
    path: site-cookbooks/mysql_server
  php55
    git: https://github.com/aporat/php55-cookbook.git
    revision: 37ff52230c9b0db1aad66a7870ef4d5b2635b324
  vim

GRAPH
  7-zip (1.0.2)
    windows (>= 1.2.2)
  apache2 (3.1.0)
  apt (2.9.2)
  build-essential (2.3.1)
    7-zip (>= 0.0.0)
  cakephp (0.1.0)
  chef-sugar (3.3.0)
  chef_handler (1.3.0)
  composer (2.2.1)
    php (>= 0.0.0)
    windows (>= 0.0.0)
  customphp (0.1.0)
  dmg (2.3.0)
  git (4.3.7)
    build-essential (>= 0.0.0)
    dmg (>= 0.0.0)
    windows (>= 0.0.0)
    yum-epel (>= 0.0.0)
  iis (4.1.6)
    windows (>= 1.34.6)
  mysql (6.1.2)
    smf (>= 0.0.0)
    yum-mysql-community (>= 0.0.0)
  mysql_client (0.1.0)
    mysql (>= 0.0.0)
  mysql_server (0.1.0)
    mysql (>= 0.0.0)
  php (1.7.2)
    build-essential (>= 0.0.0)
    iis (>= 0.0.0)
    mysql (>= 6.0.0)
    windows (>= 0.0.0)
    xml (>= 0.0.0)
    yum-epel (>= 0.0.0)
  php55 (0.0.2)
    apt (>= 0.0.0)
    build-essential (>= 0.0.0)
    php (>= 0.0.0)
    yum (>= 0.0.0)
  rbac (1.0.3)
  smf (2.2.8)
    rbac (>= 1.0.1)
  vim (2.0.1)
  windows (1.39.1)
    chef_handler (>= 0.0.0)
  xml (2.0.0)
    build-essential (>= 0.0.0)
    chef-sugar (>= 0.0.0)
  yum (3.10.0)
  yum-epel (0.6.5)
    yum (~> 3.2)
  yum-mysql-community (0.1.21)
    yum (>= 3.2)
